
Microsoft Visual Studio Solution File, Format Version 12.00
# Visual Studio Version 16
VisualStudioVersion = 25.0.1706.0
MinimumVisualStudioVersion = 10.0.40219.1
Project("{FAE04EC0-301F-11D3-BF4B-00C04F79EFBC}") = "lab1", "lab1\lab1.csproj", "{665F0CE5-A34E-4CF9-B8A2-96CCDCA31C08}"
EndProject
Global
	GlobalSection(SolutionConfigurationPlatforms) = preSolution
		Debug|Any CPU = Debug|Any CPU
		Release|Any CPU = Release|Any CPU
	EndGlobalSection
	GlobalSection(ProjectConfigurationPlatforms) = postSolution
		{665F0CE5-A34E-4CF9-B8A2-96CCDCA31C08}.Debug|Any CPU.ActiveCfg = Debug|Any CPU
		{665F0CE5-A34E-4CF9-B8A2-96CCDCA31C08}.Debug|Any CPU.Build.0 = Debug|Any CPU
		{665F0CE5-A34E-4CF9-B8A2-96CCDCA31C08}.Release|Any CPU.ActiveCfg = Release|Any CPU
		{665F0CE5-A34E-4CF9-B8A2-96CCDCA31C08}.Release|Any CPU.Build.0 = Release|Any CPU
	EndGlobalSection
	GlobalSection(SolutionProperties) = preSolution
		HideSolutionNode = FALSE
	EndGlobalSection
	GlobalSection(ExtensibilityGlobals) = postSolution
		SolutionGuid = {F76FB748-0A10-4F32-99D5-A4236CE42C49}
	EndGlobalSection
EndGlobal
